{
    "_meta": {
        "hash": {
            "sha256": "e9f96868617376ef427cff5fcede4cb99a90a6db3da3ddffc11d7bf968d0cc19"
        },
        "pipfile-spec": 6,
        "requires": {
            "python_version": "3.12"
        },
        "sources": [
            {
                "name": "pypi",
                "url": "https://pypi.org/simple",
                "verify_ssl": true
            }
        ]
    },
    "default": {
        "arpeggio": {
            "hashes": [
                "sha256:c790b2b06e226d2dd468e4fbfb5b7f506cec66416031fde1441cf1de2a0ba700",
                "sha256:f7c8ae4f4056a89e020c24c7202ac8df3e2bc84e416746f20b0da35bb1de0250"
            ],
            "version": "==2.0.2"
        },
        "attrs": {
            "hashes": [
                "sha256:5cfb1b9148b5b086569baec03f20d7b6bf3bcacc9a42bebf87ffaaca362f6346",
                "sha256:81921eb96de3191c8258c199618104dd27ac608d9366f5e35d011eae1867ede2"
            ],
            "markers": "python_version >= '3.7'",
            "version": "==24.2.0"
        },
        "cloud-foundry": {
            "editable": true,
            "file": "..",
            "markers": "python_version >= '3.9'"
        },
        "dill": {
            "hashes": [
                "sha256:3ebe3c479ad625c4553aca177444d89b486b1d84982eeacded644afc0cf797ca",
                "sha256:c36ca9ffb54365bdd2f8eb3eff7d2a21237f8452b57ace88b1ac615b7e815bd7"
            ],
            "markers": "python_version >= '3.8'",
            "version": "==0.3.8"
        },
        "grpcio": {
            "hashes": [
                "sha256:0425b5577be202d0a4024536bbccb1b052c47e0766096e6c3a5789ddfd5f400d",
                "sha256:06c0739dff9e723bca28ec22301f3711d85c2e652d1c8ae938aa0f7ad632ef9a",
                "sha256:08307dc5a6ac4da03146d6c00f62319e0665b01c6ffe805cfcaa955c17253f9c",
                "sha256:090dfa19f41efcbe760ae59b34da4304d4be9a59960c9682b7eab7e0b6748a79",
                "sha256:0a24b50810aae90c74bbd901c3f175b9645802d2fbf03eadaf418ddee4c26668",
                "sha256:0cd44d78f302ff67f11a8c49b786c7ccbed2cfef6f4fd7bb0c3dc9255415f8f7",
                "sha256:0d8a7f3eb6f290189f48223a5f4464c99619a9de34200ce80d5092fb268323d2",
                "sha256:14d2bc74218986e5edf5527e870b0969d63601911994ebf0dce96288548cf0ef",
                "sha256:1bb9afa85e797a646bfcd785309e869e80a375c959b11a17c9680abebacc0cb0",
                "sha256:1ec63bbd09586e5cda1bdc832ae6975d2526d04433a764a1cc866caa399e50d4",
                "sha256:2061dbe41e43b0a5e1fd423e8a7fb3a0cf11d69ce22d0fac21f1a8c704640b12",
                "sha256:324e363bad4d89a8ec7124013371f268d43afd0ac0fdeec1b21c1a101eb7dafb",
                "sha256:35dfd981b03a3ec842671d1694fe437ee9f7b9e6a02792157a2793b0eba4f478",
                "sha256:43857d06b2473b640467467f8f553319b5e819e54be14c86324dad83a0547818",
                "sha256:4706c78b0c183dca815bbb4ef3e8dd2136ccc8d1699f62c585e75e211ad388f6",
                "sha256:4d9ad7122f60157454f74a850d1337ba135146cef6fb7956d78c7194d52db0fe",
                "sha256:544da3458d1d249bb8aed5504adf3e194a931e212017934bf7bfa774dad37fb3",
                "sha256:55782a31ec539f15b34ee56f19131fe1430f38a4be022eb30c85e0b0dcf57f11",
                "sha256:55cd8b13c5ef22003889f599b8f2930836c6f71cd7cf3fc0196633813dc4f928",
                "sha256:5dbba95fab9b35957b4977b8904fc1fa56b302f9051eff4d7716ebb0c087f801",
                "sha256:5f57b9b61c22537623a5577bf5f2f970dc4e50fac5391090114c6eb3ab5a129f",
                "sha256:64e097dd08bb408afeeaee9a56f75311c9ca5b27b8b0278279dc8eef85fa1051",
                "sha256:664a270d3eac68183ad049665b0f4d0262ec387d5c08c0108dbcfe5b351a8b4d",
                "sha256:668350ea02af018ca945bd629754d47126b366d981ab88e0369b53bc781ffb14",
                "sha256:67cd275a651532d28620eef677b97164a5438c5afcfd44b15e8992afa9eb598c",
                "sha256:68b5e47fcca8481f36ef444842801928e60e30a5b3852c9f4a95f2582d10dcb2",
                "sha256:7191ffc8bcf8a630c547287ab103e1fdf72b2e0c119e634d8a36055c1d988ad0",
                "sha256:815089435d0f113719eabf105832e4c4fa1726b39ae3fb2ca7861752b0f70570",
                "sha256:8dbef03853a0dbe457417c5469cb0f9d5bf47401b49d50c7dad3c495663b699b",
                "sha256:91cd292373e85a52c897fa5b4768c895e20a7dc3423449c64f0f96388dd1812e",
                "sha256:9298d6f2a81f132f72a7e79cbc90a511fffacc75045c2b10050bb87b86c8353d",
                "sha256:96cff5a2081db82fb710db6a19dd8f904bdebb927727aaf4d9c427984b79a4c1",
                "sha256:9e63e0619a5627edb7a5eb3e9568b9f97e604856ba228cc1d8a9f83ce3d0466e",
                "sha256:a278d02272214ec33f046864a24b5f5aab7f60f855de38c525e5b4ef61ec5b48",
                "sha256:a6b2432ac2353c80a56d9015dfc5c4af60245c719628d4193ecd75ddf9cd248c",
                "sha256:b821403907e865e8377af3eee62f0cb233ea2369ba0fcdce9505ca5bfaf4eeb3",
                "sha256:b88bec3f94a16411a1e0336eb69f335f58229e45d4082b12d8e554cedea97586",
                "sha256:bfdb8af4801d1c31a18d54b37f4e49bb268d1f485ecf47f70e78d56e04ff37a7",
                "sha256:c79996ae64dc4d8730782dff0d1daacc8ce7d4c2ba9cef83b6f469f73c0655ce",
                "sha256:cc34d182c4fd64b6ff8304a606b95e814e4f8ed4b245b6d6cc9607690e3ef201",
                "sha256:d0d481ff55ea6cc49dab2c8276597bd4f1a84a8745fedb4bc23e12e9fb9d0e45",
                "sha256:e9723784cf264697024778dcf4b7542c851fe14b14681d6268fb984a53f76df1",
                "sha256:f4508e8abd67ebcccd0fbde6e2b1917ba5d153f3f20c1de385abd8722545e05f",
                "sha256:f515782b168a4ec6ea241add845ccfebe187fc7b09adf892b3ad9e2592c60af1",
                "sha256:f89de64d9eb3478b188859214752db50c91a749479011abd99e248550371375f",
                "sha256:fcd5d932842df503eb0bf60f9cc35e6fe732b51f499e78b45234e0be41b0018d"
            ],
            "markers": "python_version >= '3.6'",
            "version": "==1.47.0"
        },
        "parver": {
            "hashes": [
                "sha256:2281b187276c8e8e3c15634f62287b2fb6fe0efe3010f739a6bd1e45fa2bf2b2",
                "sha256:b9fde1e6bb9ce9f07e08e9c4bea8d8825c5e78e18a0052d02e02bf9517eb4777"
            ],
            "markers": "python_version >= '3.8'",
            "version": "==0.5"
        },
        "protobuf": {
            "hashes": [
                "sha256:0aebecb809cae990f8129ada5ca273d9d670b76d9bfc9b1809f0a9c02b7dbf41",
                "sha256:4be0571adcbe712b282a330c6e89eae24281344429ae95c6d85e79e84780f5ea",
                "sha256:5e61fd921603f58d2f5acb2806a929b4675f8874ff5f330b7d6f7e2e784bbcd8",
                "sha256:7a183f592dc80aa7c8da7ad9e55091c4ffc9497b3054452d629bb85fa27c2a45",
                "sha256:7f8249476b4a9473645db7f8ab42b02fe1488cbe5fb72fddd445e0665afd8584",
                "sha256:919ad92d9b0310070f8356c24b855c98df2b8bd207ebc1c0c6fcc9ab1e007f3d",
                "sha256:98d8d8aa50de6a2747efd9cceba361c9034050ecce3e09136f90de37ddba66e1",
                "sha256:abe32aad8561aa7cc94fc7ba4fdef646e576983edb94a73381b03c53728a626f",
                "sha256:b0234dd5a03049e4ddd94b93400b67803c823cfc405689688f59b34e0742381a",
                "sha256:b2fde3d805354df675ea4c7c6338c1aecd254dfc9925e88c6d31a2bcb97eb173",
                "sha256:fe14e16c22be926d3abfcb500e60cab068baf10b542b8c858fa27e098123e331"
            ],
            "markers": "python_version >= '3.8'",
            "version": "==4.25.5"
        },
        "pulumi": {
            "hashes": [
                "sha256:2133539e1bdd65475b63503b008faa52cda85eeaca43c0ff0cd5c39dfa9f882a",
                "sha256:3a62c37c5a4257e43a730ede581a76dc3aa543f1c46b1c454b6304edb08e1e8e"
            ],
            "index": "pypi",
            "markers": "python_version >= '3.8'",
            "version": "==3.0.0"
        },
        "pulumi-aws": {
            "hashes": [
                "sha256:667174512f2f45edfdfca19e8a9d30a1a44f3d2e293fb358baf994a94a3bd4c0"
            ],
            "index": "pypi",
            "markers": "python_version >= '3.7'",
            "version": "==6.0.2"
        },
        "pulumi-local": {
            "hashes": [
                "sha256:10d8412cd5580126ff9572cb67598032e996bba4df77683bcce578350bdb5603"
            ],
            "index": "pypi",
            "version": "==1.2.2"
        },
        "pyyaml": {
            "hashes": [
                "sha256:01179a4a8559ab5de078078f37e5c1a30d76bb88519906844fd7bdea1b7729ff",
                "sha256:0833f8694549e586547b576dcfaba4a6b55b9e96098b36cdc7ebefe667dfed48",
                "sha256:0a9a2848a5b7feac301353437eb7d5957887edbf81d56e903999a75a3d743086",
                "sha256:0b69e4ce7a131fe56b7e4d770c67429700908fc0752af059838b1cfb41960e4e",
                "sha256:0ffe8360bab4910ef1b9e87fb812d8bc0a308b0d0eef8c8f44e0254ab3b07133",
                "sha256:11d8f3dd2b9c1207dcaf2ee0bbbfd5991f571186ec9cc78427ba5bd32afae4b5",
                "sha256:17e311b6c678207928d649faa7cb0d7b4c26a0ba73d41e99c4fff6b6c3276484",
                "sha256:1e2120ef853f59c7419231f3bf4e7021f1b936f6ebd222406c3b60212205d2ee",
                "sha256:1f71ea527786de97d1a0cc0eacd1defc0985dcf6b3f17bb77dcfc8c34bec4dc5",
                "sha256:23502f431948090f597378482b4812b0caae32c22213aecf3b55325e049a6c68",
                "sha256:24471b829b3bf607e04e88d79542a9d48bb037c2267d7927a874e6c205ca7e9a",
                "sha256:29717114e51c84ddfba879543fb232a6ed60086602313ca38cce623c1d62cfbf",
                "sha256:2e99c6826ffa974fe6e27cdb5ed0021786b03fc98e5ee3c5bfe1fd5015f42b99",
                "sha256:39693e1f8320ae4f43943590b49779ffb98acb81f788220ea932a6b6c51004d8",
                "sha256:3ad2a3decf9aaba3d29c8f537ac4b243e36bef957511b4766cb0057d32b0be85",
                "sha256:3b1fdb9dc17f5a7677423d508ab4f243a726dea51fa5e70992e59a7411c89d19",
                "sha256:41e4e3953a79407c794916fa277a82531dd93aad34e29c2a514c2c0c5fe971cc",
                "sha256:43fa96a3ca0d6b1812e01ced1044a003533c47f6ee8aca31724f78e93ccc089a",
                "sha256:50187695423ffe49e2deacb8cd10510bc361faac997de9efef88badc3bb9e2d1",
                "sha256:5ac9328ec4831237bec75defaf839f7d4564be1e6b25ac710bd1a96321cc8317",
                "sha256:5d225db5a45f21e78dd9358e58a98702a0302f2659a3c6cd320564b75b86f47c",
                "sha256:6395c297d42274772abc367baaa79683958044e5d3835486c16da75d2a694631",
                "sha256:688ba32a1cffef67fd2e9398a2efebaea461578b0923624778664cc1c914db5d",
                "sha256:68ccc6023a3400877818152ad9a1033e3db8625d899c72eacb5a668902e4d652",
                "sha256:70b189594dbe54f75ab3a1acec5f1e3faa7e8cf2f1e08d9b561cb41b845f69d5",
                "sha256:797b4f722ffa07cc8d62053e4cff1486fa6dc094105d13fea7b1de7d8bf71c9e",
                "sha256:7c36280e6fb8385e520936c3cb3b8042851904eba0e58d277dca80a5cfed590b",
                "sha256:7e7401d0de89a9a855c839bc697c079a4af81cf878373abd7dc625847d25cbd8",
                "sha256:80bab7bfc629882493af4aa31a4cfa43a4c57c83813253626916b8c7ada83476",
                "sha256:82d09873e40955485746739bcb8b4586983670466c23382c19cffecbf1fd8706",
                "sha256:8388ee1976c416731879ac16da0aff3f63b286ffdd57cdeb95f3f2e085687563",
                "sha256:8824b5a04a04a047e72eea5cec3bc266db09e35de6bdfe34c9436ac5ee27d237",
                "sha256:8b9c7197f7cb2738065c481a0461e50ad02f18c78cd75775628afb4d7137fb3b",
                "sha256:9056c1ecd25795207ad294bcf39f2db3d845767be0ea6e6a34d856f006006083",
                "sha256:936d68689298c36b53b29f23c6dbb74de12b4ac12ca6cfe0e047bedceea56180",
                "sha256:9b22676e8097e9e22e36d6b7bda33190d0d400f345f23d4065d48f4ca7ae0425",
                "sha256:a4d3091415f010369ae4ed1fc6b79def9416358877534caf6a0fdd2146c87a3e",
                "sha256:a8786accb172bd8afb8be14490a16625cbc387036876ab6ba70912730faf8e1f",
                "sha256:a9f8c2e67970f13b16084e04f134610fd1d374bf477b17ec1599185cf611d725",
                "sha256:bc2fa7c6b47d6bc618dd7fb02ef6fdedb1090ec036abab80d4681424b84c1183",
                "sha256:c70c95198c015b85feafc136515252a261a84561b7b1d51e3384e0655ddf25ab",
                "sha256:cc1c1159b3d456576af7a3e4d1ba7e6924cb39de8f67111c735f6fc832082774",
                "sha256:ce826d6ef20b1bc864f0a68340c8b3287705cae2f8b4b1d932177dcc76721725",
                "sha256:d584d9ec91ad65861cc08d42e834324ef890a082e591037abe114850ff7bbc3e",
                "sha256:d7fded462629cfa4b685c5416b949ebad6cec74af5e2d42905d41e257e0869f5",
                "sha256:d84a1718ee396f54f3a086ea0a66d8e552b2ab2017ef8b420e92edbc841c352d",
                "sha256:d8e03406cac8513435335dbab54c0d385e4a49e4945d2909a581c83647ca0290",
                "sha256:e10ce637b18caea04431ce14fabcf5c64a1c61ec9c56b071a4b7ca131ca52d44",
                "sha256:ec031d5d2feb36d1d1a24380e4db6d43695f3748343d99434e6f5f9156aaa2ed",
                "sha256:ef6107725bd54b262d6dedcc2af448a266975032bc85ef0172c5f059da6325b4",
                "sha256:efdca5630322a10774e8e98e1af481aad470dd62c3170801852d752aa7a783ba",
                "sha256:f753120cb8181e736c57ef7636e83f31b9c0d1722c516f7e86cf15b7aa57ff12",
                "sha256:ff3824dc5261f50c9b0dfb3be22b4567a6f938ccce4587b38952d85fd9e9afe4"
            ],
            "markers": "python_version >= '3.8'",
            "version": "==6.0.2"
        },
        "semver": {
            "hashes": [
                "sha256:ced8b23dceb22134307c1b8abfa523da14198793d9787ac838e70e29e77458d4",
                "sha256:fa0fe2722ee1c3f57eac478820c3a5ae2f624af8264cbdf9000c980ff7f75e3f"
            ],
            "markers": "python_version >= '2.7' and python_version not in '3.0, 3.1, 3.2, 3.3'",
            "version": "==2.13.0"
        },
        "six": {
            "hashes": [
                "sha256:1e61c37477a1626458e36f7b1d82aa5c9b094fa4802892072e49de9c60c4c926",
                "sha256:8abb2f1d86890a2dfb989f9a77cfcfd3e47c2a354b01111771326f8aa26e0254"
            ],
            "markers": "python_version >= '2.7' and python_version not in '3.0, 3.1, 3.2, 3.3'",
            "version": "==1.16.0"
        }
    },
    "develop": {}
}
